// !$*UTF8*$!
{
	archiveVersion = 1;
	classes = {
	};
	objectVersion = 56;
	objects = {

/* Begin PBXBuildFile section */
		4D3592762A6FD0990001998F /* AppDelegate.swift in Sources */ = {isa = PBXBuildFile; fileRef = 4D3592752A6FD0990001998F /* AppDelegate.swift */; };
		4D3592782A6FD0990001998F /* SceneDelegate.swift in Sources */ = {isa = PBXBuildFile; fileRef = 4D3592772A6FD0990001998F /* SceneDelegate.swift */; };
		4D35927A2A6FD0990001998F /* ViewController.swift in Sources */ = {isa = PBXBuildFile; fileRef = 4D3592792A6FD0990001998F /* ViewController.swift */; };
		4D35927D2A6FD0990001998F /* Main.storyboard in Resources */ = {isa = PBXBuildFile; fileRef = 4D35927B2A6FD0990001998F /* Main.storyboard */; };
		4D35927F2A6FD09B0001998F /* Assets.xcassets in Resources */ = {isa = PBXBuildFile; fileRef = 4D35927E2A6FD09B0001998F /* Assets.xcassets */; };
		4D3592822A6FD09B0001998F /* LaunchScreen.storyboard in Resources */ = {isa = PBXBuildFile; fileRef = 4D3592802A6FD09B0001998F /* LaunchScreen.storyboard */; };
		4D35928D2A6FD09B0001998F /* ShieldFraud_DemoTests.swift in Sources */ = {isa = PBXBuildFile; fileRef = 4D35928C2A6FD09B0001998F /* ShieldFraud_DemoTests.swift */; };
		4D3592972A6FD09B0001998F /* ShieldFraud_DemoUITests.swift in Sources */ = {isa = PBXBuildFile; fileRef = 4D3592962A6FD09B0001998F /* ShieldFraud_DemoUITests.swift */; };
		4D3592992A6FD09B0001998F /* ShieldFraud_DemoUITestsLaunchTests.swift in Sources */ = {isa = PBXBuildFile; fileRef = 4D3592982A6FD09B0001998F /* ShieldFraud_DemoUITestsLaunchTests.swift */; };
		4D690A6C2A70009C005E8D57 /* ShieldFraud in Frameworks */ = {isa = PBXBuildFile; productRef = 4D690A6B2A70009C005E8D57 /* ShieldFraud */; };
/* End PBXBuildFile section */

/* Begin PBXContainerItemProxy section */
		4D3592892A6FD09B0001998F /* PBXContainerItemProxy */ = {
			isa = PBXContainerItemProxy;
			containerPortal = 4D35926A2A6FD0990001998F /* Project object */;
			proxyType = 1;
			remoteGlobalIDString = 4D3592712A6FD0990001998F;
			remoteInfo = "ShieldFraud-Demo";
		};
		4D3592932A6FD09B0001998F /* PBXContainerItemProxy */ = {
			isa = PBXContainerItemProxy;
			containerPortal = 4D35926A2A6FD0990001998F /* Project object */;
			proxyType = 1;
			remoteGlobalIDString = 4D3592712A6FD0990001998F;
			remoteInfo = "ShieldFraud-Demo";
		};
/* End PBXContainerItemProxy section */

/* Begin PBXFileReference section */
		4D3592722A6FD0990001998F /* ShieldFraud-Demo.app */ = {isa = PBXFileReference; explicitFileType = wrapper.application; includeInIndex = 0; path = "ShieldFraud-Demo.app"; sourceTree = BUILT_PRODUCTS_DIR; };
		4D3592752A6FD0990001998F /* AppDelegate.swift */ = {isa = PBXFileReference; lastKnownFileType = sourcecode.swift; path = AppDelegate.swift; sourceTree = "<group>"; };
		4D3592772A6FD0990001998F /* SceneDelegate.swift */ = {isa = PBXFileReference; lastKnownFileType = sourcecode.swift; path = SceneDelegate.swift; sourceTree = "<group>"; };
		4D3592792A6FD0990001998F /* ViewController.swift */ = {isa = PBXFileReference; lastKnownFileType = sourcecode.swift; path = ViewController.swift; sourceTree = "<group>"; };
		4D35927C2A6FD0990001998F /* Base */ = {isa = PBXFileReference; lastKnownFileType = file.storyboard; name = Base; path = Base.lproj/Main.storyboard; sourceTree = "<group>"; };
		4D35927E2A6FD09B0001998F /* Assets.xcassets */ = {isa = PBXFileReference; lastKnownFileType = folder.assetcatalog; path = Assets.xcassets; sourceTree = "<group>"; };
		4D3592812A6FD09B0001998F /* Base */ = {isa = PBXFileReference; lastKnownFileType = file.storyboard; name = Base; path = Base.lproj/LaunchScreen.storyboard; sourceTree = "<group>"; };
		4D3592832A6FD09B0001998F /* Info.plist */ = {isa = PBXFileReference; lastKnownFileType = text.plist.xml; path = Info.plist; sourceTree = "<group>"; };
		4D3592882A6FD09B0001998F /* ShieldFraud-DemoTests.xctest */ = {isa = PBXFileReference; explicitFileType = wrapper.cfbundle; includeInIndex = 0; path = "ShieldFraud-DemoTests.xctest"; sourceTree = BUILT_PRODUCTS_DIR; };
		4D35928C2A6FD09B0001998F /* ShieldFraud_DemoTests.swift */ = {isa = PBXFileReference; lastKnownFileType = sourcecode.swift; path = ShieldFraud_DemoTests.swift; sourceTree = "<group>"; };
		4D3592922A6FD09B0001998F /* ShieldFraud-DemoUITests.xctest */ = {isa = PBXFileReference; explicitFileType = wrapper.cfbundle; includeInIndex = 0; path = "ShieldFraud-DemoUITests.xctest"; sourceTree = BUILT_PRODUCTS_DIR; };
		4D3592962A6FD09B0001998F /* ShieldFraud_DemoUITests.swift */ = {isa = PBXFileReference; lastKnownFileType = sourcecode.swift; path = ShieldFraud_DemoUITests.swift; sourceTree = "<group>"; };
		4D3592982A6FD09B0001998F /* ShieldFraud_DemoUITestsLaunchTests.swift */ = {isa = PBXFileReference; lastKnownFileType = sourcecode.swift; path = ShieldFraud_DemoUITestsLaunchTests.swift; sourceTree = "<group>"; };
/* End PBXFileReference section */

/* Begin PBXFrameworksBuildPhase section */
		4D35926F2A6FD0990001998F /* Frameworks */ = {
			isa = PBXFrameworksBuildPhase;
			buildActionMask = 2147483647;
			files = (
				4D690A6C2A70009C005E8D57 /* ShieldFraud in Frameworks */,
			);
			runOnlyForDeploymentPostprocessing = 0;
		};
		4D3592852A6FD09B0001998F /* Frameworks */ = {
			isa = PBXFrameworksBuildPhase;
			buildActionMask = 2147483647;
			files = (
			);
			runOnlyForDeploymentPostprocessing = 0;
		};
		4D35928F2A6FD09B0001998F /* Frameworks */ = {
			isa = PBXFrameworksBuildPhase;
			buildActionMask = 2147483647;
			files = (
			);
			runOnlyForDeploymentPostprocessing = 0;
		};
/* End PBXFrameworksBuildPhase section */

/* Begin PBXGroup section */
		4D3592692A6FD0990001998F = {
			isa = PBXGroup;
			children = (
				4D3592742A6FD0990001998F /* ShieldFraud-Demo */,
				4D35928B2A6FD09B0001998F /* ShieldFraud-DemoTests */,
				4D3592952A6FD09B0001998F /* ShieldFraud-DemoUITests */,
				4D3592732A6FD0990001998F /* Products */,
			);
			sourceTree = "<group>";
		};
		4D3592732A6FD0990001998F /* Products */ = {
			isa = PBXGroup;
			children = (
				4D3592722A6FD0990001998F /* ShieldFraud-Demo.app */,
				4D3592882A6FD09B0001998F /* ShieldFraud-DemoTests.xctest */,
				4D3592922A6FD09B0001998F /* ShieldFraud-DemoUITests.xctest */,
			);
			name = Products;
			sourceTree = "<group>";
		};
		4D3592742A6FD0990001998F /* ShieldFraud-Demo */ = {
			isa = PBXGroup;
			children = (
				4D3592752A6FD0990001998F /* AppDelegate.swift */,
				4D3592772A6FD0990001998F /* SceneDelegate.swift */,
				4D3592792A6FD0990001998F /* ViewController.swift */,
				4D35927B2A6FD0990001998F /* Main.storyboard */,
				4D35927E2A6FD09B0001998F /* Assets.xcassets */,
				4D3592802A6FD09B0001998F /* LaunchScreen.storyboard */,
				4D3592832A6FD09B0001998F /* Info.plist */,
			);
			path = "ShieldFraud-Demo";
			sourceTree = "<group>";
		};
		4D35928B2A6FD09B0001998F /* ShieldFraud-DemoTests */ = {
			isa = PBXGroup;
			children = (
				4D35928C2A6FD09B0001998F /* ShieldFraud_DemoTests.swift */,
			);
			path = "ShieldFraud-DemoTests";
			sourceTree = "<group>";
		};
		4D3592952A6FD09B0001998F /* ShieldFraud-DemoUITests */ = {
			isa = PBXGroup;
			children = (
				4D3592962A6FD09B0001998F /* ShieldFraud_DemoUITests.swift */,
				4D3592982A6FD09B0001998F /* ShieldFraud_DemoUITestsLaunchTests.swift */,
			);
			path = "ShieldFraud-DemoUITests";
			sourceTree = "<group>";
		};
/* End PBXGroup section */

/* Begin PBXNativeTarget section */
		4D3592712A6FD0990001998F /* ShieldFraud-Demo */ = {
			isa = PBXNativeTarget;
			buildConfigurationList = 4D35929C2A6FD09B0001998F /* Build configuration list for PBXNativeTarget "ShieldFraud-Demo" */;
			buildPhases = (
				4D35926E2A6FD0990001998F /* Sources */,
				4D35926F2A6FD0990001998F /* Frameworks */,
				4D3592702A6FD0990001998F /* Resources */,
			);
			buildRules = (
			);
			dependencies = (
			);
			name = "ShieldFraud-Demo";
			packageProductDependencies = (
				4D690A6B2A70009C005E8D57 /* ShieldFraud */,
			);
			productName = "ShieldFraud-Demo";
			productReference = 4D3592722A6FD0990001998F /* ShieldFraud-Demo.app */;
			productType = "com.apple.product-type.application";
		};
		4D3592872A6FD09B0001998F /* ShieldFraud-DemoTests */ = {
			isa = PBXNativeTarget;
			buildConfigurationList = 4D35929F2A6FD09B0001998F /* Build configuration list for PBXNativeTarget "ShieldFraud-DemoTests" */;
			buildPhases = (
				4D3592842A6FD09B0001998F /* Sources */,
				4D3592852A6FD09B0001998F /* Frameworks */,
				4D3592862A6FD09B0001998F /* Resources */,
			);
			buildRules = (
			);
			dependencies = (
				4D35928A2A6FD09B0001998F /* PBXTargetDependency */,
			);
			name = "ShieldFraud-DemoTests";
			productName = "ShieldFraud-DemoTests";
			productReference = 4D3592882A6FD09B0001998F /* ShieldFraud-DemoTests.xctest */;
			productType = "com.apple.product-type.bundle.unit-test";
		};
		4D3592912A6FD09B0001998F /* ShieldFraud-DemoUITests */ = {
			isa = PBXNativeTarget;
			buildConfigurationList = 4D3592A22A6FD09B0001998F /* Build configuration list for PBXNativeTarget "ShieldFraud-DemoUITests" */;
			buildPhases = (
				4D35928E2A6FD09B0001998F /* Sources */,
				4D35928F2A6FD09B0001998F /* Frameworks */,
				4D3592902A6FD09B0001998F /* Resources */,
			);
			buildRules = (
			);
			dependencies = (
				4D3592942A6FD09B0001998F /* PBXTargetDependency */,
			);
			name = "ShieldFraud-DemoUITests";
			productName = "ShieldFraud-DemoUITests";
			productReference = 4D3592922A6FD09B0001998F /* ShieldFraud-DemoUITests.xctest */;
			productType = "com.apple.product-type.bundle.ui-testing";
		};
/* End PBXNativeTarget section */

/* Begin PBXProject section */
		4D35926A2A6FD0990001998F /* Project object */ = {
			isa = PBXProject;
			attributes = {
				BuildIndependentTargetsInParallel = 1;
				LastSwiftUpdateCheck = 1430;
				LastUpgradeCheck = 1430;
				TargetAttributes = {
					4D3592712A6FD0990001998F = {
						CreatedOnToolsVersion = 14.3.1;
					};
					4D3592872A6FD09B0001998F = {
						CreatedOnToolsVersion = 14.3.1;
						TestTargetID = 4D3592712A6FD0990001998F;
					};
					4D3592912A6FD09B0001998F = {
						CreatedOnToolsVersion = 14.3.1;
						TestTargetID = 4D3592712A6FD0990001998F;
					};
				};
			};
			buildConfigurationList = 4D35926D2A6FD0990001998F /* Build configuration list for PBXProject "ShieldFraud-Demo" */;
			compatibilityVersion = "Xcode 14.0";
			developmentRegion = en;
			hasScannedForEncodings = 0;
			knownRegions = (
				en,
				Base,
			);
			mainGroup = 4D3592692A6FD0990001998F;
			packageReferences = (
				4D690A6A2A70009C005E8D57 /* XCRemoteSwiftPackageReference "shield-ios-swift-package-manager" */,
			);
			productRefGroup = 4D3592732A6FD0990001998F /* Products */;
			projectDirPath = "";
			projectRoot = "";
			targets = (
				4D3592712A6FD0990001998F /* ShieldFraud-Demo */,
				4D3592872A6FD09B0001998F /* ShieldFraud-DemoTests */,
				4D3592912A6FD09B0001998F /* ShieldFraud-DemoUITests */,
			);
		};
/* End PBXProject section */

/* Begin PBXResourcesBuildPhase section */
		4D3592702A6FD0990001998F /* Resources */ = {
			isa = PBXResourcesBuildPhase;
			buildActionMask = 2147483647;
			files = (
				4D3592822A6FD09B0001998F /* LaunchScreen.storyboard in Resources */,
				4D35927F2A6FD09B0001998F /* Assets.xcassets in Resources */,
				4D35927D2A6FD0990001998F /* Main.storyboard in Resources */,
			);
			runOnlyForDeploymentPostprocessing = 0;
		};
		4D3592862A6FD09B0001998F /* Resources */ = {
			isa = PBXResourcesBuildPhase;
			buildActionMask = 2147483647;
			files = (
			);
			runOnlyForDeploymentPostprocessing = 0;
		};
		4D3592902A6FD09B0001998F /* Resources */ = {
			isa = PBXResourcesBuildPhase;
			buildActionMask = 2147483647;
			files = (
			);
			runOnlyForDeploymentPostprocessing = 0;
		};
/* End PBXResourcesBuildPhase section */

/* Begin PBXSourcesBuildPhase section */
		4D35926E2A6FD0990001998F /* Sources */ = {
			isa = PBXSourcesBuildPhase;
			buildActionMask = 2147483647;
			files = (
				4D35927A2A6FD0990001998F /* ViewController.swift in Sources */,
				4D3592762A6FD0990001998F /* AppDelegate.swift in Sources */,
				4D3592782A6FD0990001998F /* SceneDelegate.swift in Sources */,
			);
			runOnlyForDeploymentPostprocessing = 0;
		};
		4D3592842A6FD09B0001998F /* Sources */ = {
			isa = PBXSourcesBuildPhase;
			buildActionMask = 2147483647;
			files = (
				4D35928D2A6FD09B0001998F /* ShieldFraud_DemoTests.swift in Sources */,
			);
			runOnlyForDeploymentPostprocessing = 0;
		};
		4D35928E2A6FD09B0001998F /* Sources */ = {
			isa = PBXSourcesBuildPhase;
			buildActionMask = 2147483647;
			files = (
				4D3592972A6FD09B0001998F /* ShieldFraud_DemoUITests.swift in Sources */,
				4D3592992A6FD09B0001998F /* ShieldFraud_DemoUITestsLaunchTests.swift in Sources */,
			);
			runOnlyForDeploymentPostprocessing = 0;
		};
/* End PBXSourcesBuildPhase section */

/* Begin PBXTargetDependency section */
		4D35928A2A6FD09B0001998F /* PBXTargetDependency */ = {
			isa = PBXTargetDependency;
			target = 4D3592712A6FD0990001998F /* ShieldFraud-Demo */;
			targetProxy = 4D3592892A6FD09B0001998F /* PBXContainerItemProxy */;
		};
		4D3592942A6FD09B0001998F /* PBXTargetDependency */ = {
			isa = PBXTargetDependency;
			target = 4D3592712A6FD0990001998F /* ShieldFraud-Demo */;
			targetProxy = 4D3592932A6FD09B0001998F /* PBXContainerItemProxy */;
		};
/* End PBXTargetDependency section */

/* Begin PBXVariantGroup section */
		4D35927B2A6FD0990001998F /* Main.storyboard */ = {
			isa = PBXVariantGroup;
			children = (
				4D35927C2A6FD0990001998F /* Base */,
			);
			name = Main.storyboard;
			sourceTree = "<group>";
		};
		4D3592802A6FD09B0001998F /* LaunchScreen.storyboard */ = {
			isa = PBXVariantGroup;
			children = (
				4D3592812A6FD09B0001998F /* Base */,
			);
			name = LaunchScreen.storyboard;
			sourceTree = "<group>";
		};
/* End PBXVariantGroup section */

/* Begin XCBuildConfiguration section */
		4D35929A2A6FD09B0001998F /* Debug */ = {
			isa = XCBuildConfiguration;
			buildSettings = {
				ALWAYS_SEARCH_USER_PATHS = NO;
				CLANG_ANALYZER_NONNULL = YES;
				CLANG_ANALYZER_NUMBER_OBJECT_CONVERSION = YES_AGGRESSIVE;
				CLANG_CXX_LANGUAGE_STANDARD = "gnu++20";
				CLANG_ENABLE_MODULES = YES;
				CLANG_ENABLE_OBJC_ARC = YES;
				CLANG_ENABLE_OBJC_WEAK = YES;
				CLANG_WARN_BLOCK_CAPTURE_AUTORELEASING = YES;
				CLANG_WARN_BOOL_CONVERSION = YES;
				CLANG_WARN_COMMA = YES;
				CLANG_WARN_CONSTANT_CONVERSION = YES;
				CLANG_WARN_DEPRECATED_OBJC_IMPLEMENTATIONS = YES;
				CLANG_WARN_DIRECT_OBJC_ISA_USAGE = YES_ERROR;
				CLANG_WARN_DOCUMENTATION_COMMENTS = YES;
				CLANG_WARN_EMPTY_BODY = YES;
				CLANG_WARN_ENUM_CONVERSION = YES;
				CLANG_WARN_INFINITE_RECURSION = YES;
				CLANG_WARN_INT_CONVERSION = YES;
				CLANG_WARN_NON_LITERAL_NULL_CONVERSION = YES;
				CLANG_WARN_OBJC_IMPLICIT_RETAIN_SELF = YES;
				CLANG_WARN_OBJC_LITERAL_CONVERSION = YES;
				CLANG_WARN_OBJC_ROOT_CLASS = YES_ERROR;
				CLANG_WARN_QUOTED_INCLUDE_IN_FRAMEWORK_HEADER = YES;
				CLANG_WARN_RANGE_LOOP_ANALYSIS = YES;
				CLANG_WARN_STRICT_PROTOTYPES = YES;
				CLANG_WARN_SUSPICIOUS_MOVE = YES;
				CLANG_WARN_UNGUARDED_AVAILABILITY = YES_AGGRESSIVE;
				CLANG_WARN_UNREACHABLE_CODE = YES;
				CLANG_WARN__DUPLICATE_METHOD_MATCH = YES;
				COPY_PHASE_STRIP = NO;
				DEBUG_INFORMATION_FORMAT = dwarf;
				ENABLE_STRICT_OBJC_MSGSEND = YES;
				ENABLE_TESTABILITY = YES;
				GCC_C_LANGUAGE_STANDARD = gnu11;
				GCC_DYNAMIC_NO_PIC = NO;
				GCC_NO_COMMON_BLOCKS = YES;
				GCC_OPTIMIZATION_LEVEL = 0;
				GCC_PREPROCESSOR_DEFINITIONS = (
					"DEBUG=1",
					"$(inherited)",
				);
				GCC_WARN_64_TO_32_BIT_CONVERSION = YES;
				GCC_WARN_ABOUT_RETURN_TYPE = YES_ERROR;
				GCC_WARN_UNDECLARED_SELECTOR = YES;
				GCC_WARN_UNINITIALIZED_AUTOS = YES_AGGRESSIVE;
				GCC_WARN_UNUSED_FUNCTION = YES;
				GCC_WARN_UNUSED_VARIABLE = YES;
				IPHONEOS_DEPLOYMENT_TARGET = 16.4;
				MTL_ENABLE_DEBUG_INFO = INCLUDE_SOURCE;
				MTL_FAST_MATH = YES;
				ONLY_ACTIVE_ARCH = YES;
				SDKROOT = iphoneos;
				SWIFT_ACTIVE_COMPILATION_CONDITIONS = DEBUG;
				SWIFT_OPTIMIZATION_LEVEL = "-Onone";
			};
			name = Debug;
		};
		4D35929B2A6FD09B0001998F /* Release */ = {
			isa = XCBuildConfiguration;
			buildSettings = {
				ALWAYS_SEARCH_USER_PATHS = NO;
				CLANG_ANALYZER_NONNULL = YES;
				CLANG_ANALYZER_NUMBER_OBJECT_CONVERSION = YES_AGGRESSIVE;
				CLANG_CXX_LANGUAGE_STANDARD = "gnu++20";
				CLANG_ENABLE_MODULES = YES;
				CLANG_ENABLE_OBJC_ARC = YES;
				CLANG_ENABLE_OBJC_WEAK = YES;
				CLANG_WARN_BLOCK_CAPTURE_AUTORELEASING = YES;
				CLANG_WARN_BOOL_CONVERSION = YES;
				CLANG_WARN_COMMA = YES;
				CLANG_WARN_CONSTANT_CONVERSION = YES;
				CLANG_WARN_DEPRECATED_OBJC_IMPLEMENTATIONS = YES;
				CLANG_WARN_DIRECT_OBJC_ISA_USAGE = YES_ERROR;
				CLANG_WARN_DOCUMENTATION_COMMENTS = YES;
				CLANG_WARN_EMPTY_BODY = YES;
				CLANG_WARN_ENUM_CONVERSION = YES;
				CLANG_WARN_INFINITE_RECURSION = YES;
				CLANG_WARN_INT_CONVERSION = YES;
				CLANG_WARN_NON_LITERAL_NULL_CONVERSION = YES;
				CLANG_WARN_OBJC_IMPLICIT_RETAIN_SELF = YES;
				CLANG_WARN_OBJC_LITERAL_CONVERSION = YES;
				CLANG_WARN_OBJC_ROOT_CLASS = YES_ERROR;
				CLANG_WARN_QUOTED_INCLUDE_IN_FRAMEWORK_HEADER = YES;
				CLANG_WARN_RANGE_LOOP_ANALYSIS = YES;
				CLANG_WARN_STRICT_PROTOTYPES = YES;
				CLANG_WARN_SUSPICIOUS_MOVE = YES;
				CLANG_WARN_UNGUARDED_AVAILABILITY = YES_AGGRESSIVE;
				CLANG_WARN_UNREACHABLE_CODE = YES;
				CLANG_WARN__DUPLICATE_METHOD_MATCH = YES;
				COPY_PHASE_STRIP = NO;
				DEBUG_INFORMATION_FORMAT = "dwarf-with-dsym";
				ENABLE_NS_ASSERTIONS = NO;
				ENABLE_STRICT_OBJC_MSGSEND = YES;
				GCC_C_LANGUAGE_STANDARD = gnu11;
				GCC_NO_COMMON_BLOCKS = YES;
				GCC_WARN_64_TO_32_BIT_CONVERSION = YES;
				GCC_WARN_ABOUT_RETURN_TYPE = YES_ERROR;
				GCC_WARN_UNDECLARED_SELECTOR = YES;
				GCC_WARN_UNINITIALIZED_AUTOS = YES_AGGRESSIVE;
				GCC_WARN_UNUSED_FUNCTION = YES;
				GCC_WARN_UNUSED_VARIABLE = YES;
				IPHONEOS_DEPLOYMENT_TARGET = 16.4;
				MTL_ENABLE_DEBUG_INFO = NO;
				MTL_FAST_MATH = YES;
				SDKROOT = iphoneos;
				SWIFT_COMPILATION_MODE = wholemodule;
				SWIFT_OPTIMIZATION_LEVEL = "-O";
				VALIDATE_PRODUCT = YES;
			};
			name = Release;
		};
		4D35929D2A6FD09B0001998F /* Debug */ = {
			isa = XCBuildConfiguration;
			buildSettings = {
				ASSETCATALOG_COMPILER_APPICON_NAME = AppIcon;
				ASSETCATALOG_COMPILER_GLOBAL_ACCENT_COLOR_NAME = AccentColor;
				CODE_SIGN_STYLE = Automatic;
				CURRENT_PROJECT_VERSION = 1;
				DEVELOPMENT_TEAM = "";
				GENERATE_INFOPLIST_FILE = YES;
				INFOPLIST_FILE = "ShieldFraud-Demo/Info.plist";
				INFOPLIST_KEY_UIApplicationSupportsIndirectInputEvents = YES;
				INFOPLIST_KEY_UILaunchStoryboardName = LaunchScreen;
				INFOPLIST_KEY_UIMainStoryboardFile = Main;
				INFOPLIST_KEY_UISupportedInterfaceOrientations_iPad = "UIInterfaceOrientationPortrait UIInterfaceOrientationPortraitUpsideDown UIInterfaceOrientationLandscapeLeft UIInterfaceOrientationLandscapeRight";
				INFOPLIST_KEY_UISupportedInterfaceOrientations_iPhone = "UIInterfaceOrientationPortrait UIInterfaceOrientationLandscapeLeft UIInterfaceOrientationLandscapeRight";
				LD_RUNPATH_SEARCH_PATHS = (
					"$(inherited)",
					"@executable_path/Frameworks",
				);
				MARKETING_VERSION = 1.0;
				PRODUCT_BUNDLE_IDENTIFIER = "com.deepak.ShieldFraud-Demo";
				PRODUCT_NAME = "$(TARGET_NAME)";
				SWIFT_EMIT_LOC_STRINGS = YES;
				SWIFT_VERSION = 5.0;
				TARGETED_DEVICE_FAMILY = "1,2";
			};
			name = Debug;
		};
		4D35929E2A6FD09B0001998F /* Release */ = {
			isa = XCBuildConfiguration;
			buildSettings = {
				ASSETCATALOG_COMPILER_APPICON_NAME = AppIcon;
				ASSETCATALOG_COMPILER_GLOBAL_ACCENT_COLOR_NAME = AccentColor;
				CODE_SIGN_STYLE = Automatic;
				CURRENT_PROJECT_VERSION = 1;
				DEVELOPMENT_TEAM = "";
				GENERATE_INFOPLIST_FILE = YES;
				INFOPLIST_FILE = "ShieldFraud-Demo/Info.plist";
				INFOPLIST_KEY_UIApplicationSupportsIndirectInputEvents = YES;
				INFOPLIST_KEY_UILaunchStoryboardName = LaunchScreen;
				INFOPLIST_KEY_UIMainStoryboardFile = Main;
				INFOPLIST_KEY_UISupportedInterfaceOrientations_iPad = "UIInterfaceOrientationPortrait UIInterfaceOrientationPortraitUpsideDown UIInterfaceOrientationLandscapeLeft UIInterfaceOrientationLandscapeRight";
				INFOPLIST_KEY_UISupportedInterfaceOrientations_iPhone = "UIInterfaceOrientationPortrait UIInterfaceOrientationLandscapeLeft UIInterfaceOrientationLandscapeRight";
				LD_RUNPATH_SEARCH_PATHS = (
					"$(inherited)",
					"@executable_path/Frameworks",
				);
				MARKETING_VERSION = 1.0;
				PRODUCT_BUNDLE_IDENTIFIER = "com.deepak.ShieldFraud-Demo";
				PRODUCT_NAME = "$(TARGET_NAME)";
				SWIFT_EMIT_LOC_STRINGS = YES;
				SWIFT_VERSION = 5.0;
				TARGETED_DEVICE_FAMILY = "1,2";
			};
			name = Release;
		};
		4D3592A02A6FD09B0001998F /* Debug */ = {
			isa = XCBuildConfiguration;
			buildSettings = {
				ALWAYS_EMBED_SWIFT_STANDARD_LIBRARIES = YES;
				BUNDLE_LOADER = "$(TEST_HOST)";
				CODE_SIGN_STYLE = Automatic;
				CURRENT_PROJECT_VERSION = 1;
				DEVELOPMENT_TEAM = 3T3JWG35T5;
				GENERATE_INFOPLIST_FILE = YES;
				IPHONEOS_DEPLOYMENT_TARGET = 16.4;
				MARKETING_VERSION = 1.0;
				PRODUCT_BUNDLE_IDENTIFIER = "com.deepak.ShieldFraud-DemoTests";
				PRODUCT_NAME = "$(TARGET_NAME)";
				SWIFT_EMIT_LOC_STRINGS = NO;
				SWIFT_VERSION = 5.0;
				TARGETED_DEVICE_FAMILY = "1,2";
				TEST_HOST = "$(BUILT_PRODUCTS_DIR)/ShieldFraud-Demo.app/$(BUNDLE_EXECUTABLE_FOLDER_PATH)/ShieldFraud-Demo";
			};
			name = Debug;
		};
		4D3592A12A6FD09B0001998F /* Release */ = {
			isa = XCBuildConfiguration;
			buildSettings = {
				ALWAYS_EMBED_SWIFT_STANDARD_LIBRARIES = YES;
				BUNDLE_LOADER = "$(TEST_HOST)";
				CODE_SIGN_STYLE = Automatic;
				CURRENT_PROJECT_VERSION = 1;
				DEVELOPMENT_TEAM = 3T3JWG35T5;
				GENERATE_INFOPLIST_FILE = YES;
				IPHONEOS_DEPLOYMENT_TARGET = 16.4;
				MARKETING_VERSION = 1.0;
				PRODUCT_BUNDLE_IDENTIFIER = "com.deepak.ShieldFraud-DemoTests";
				PRODUCT_NAME = "$(TARGET_NAME)";
				SWIFT_EMIT_LOC_STRINGS = NO;
				SWIFT_VERSION = 5.0;
				TARGETED_DEVICE_FAMILY = "1,2";
				TEST_HOST = "$(BUILT_PRODUCTS_DIR)/ShieldFraud-Demo.app/$(BUNDLE_EXECUTABLE_FOLDER_PATH)/ShieldFraud-Demo";
			};
			name = Release;
		};
		4D3592A32A6FD09B0001998F /* Debug */ = {
			isa = XCBuildConfiguration;
			buildSettings = {
				ALWAYS_EMBED_SWIFT_STANDARD_LIBRARIES = YES;
				CODE_SIGN_STYLE = Automatic;
				CURRENT_PROJECT_VERSION = 1;
				DEVELOPMENT_TEAM = 3T3JWG35T5;
				GENERATE_INFOPLIST_FILE = YES;
				MARKETING_VERSION = 1.0;
				PRODUCT_BUNDLE_IDENTIFIER = "com.deepak.ShieldFraud-DemoUITests";
				PRODUCT_NAME = "$(TARGET_NAME)";
				SWIFT_EMIT_LOC_STRINGS = NO;
				SWIFT_VERSION = 5.0;
				TARGETED_DEVICE_FAMILY = "1,2";
				TEST_TARGET_NAME = "ShieldFraud-Demo";
			};
			name = Debug;
		};
		4D3592A42A6FD09B0001998F /* Release */ = {
			isa = XCBuildConfiguration;
			buildSettings = {
				ALWAYS_EMBED_SWIFT_STANDARD_LIBRARIES = YES;
				CODE_SIGN_STYLE = Automatic;
				CURRENT_PROJECT_VERSION = 1;
				DEVELOPMENT_TEAM = 3T3JWG35T5;
				GENERATE_INFOPLIST_FILE = YES;
				MARKETING_VERSION = 1.0;
				PRODUCT_BUNDLE_IDENTIFIER = "com.deepak.ShieldFraud-DemoUITests";
				PRODUCT_NAME = "$(TARGET_NAME)";
				SWIFT_EMIT_LOC_STRINGS = NO;
				SWIFT_VERSION = 5.0;
				TARGETED_DEVICE_FAMILY = "1,2";
				TEST_TARGET_NAME = "ShieldFraud-Demo";
			};
			name = Release;
		};
/* End XCBuildConfiguration section */

/* Begin XCConfigurationList section */
		4D35926D2A6FD0990001998F /* Build configuration list for PBXProject "ShieldFraud-Demo" */ = {
			isa = XCConfigurationList;
			buildConfigurations = (
				4D35929A2A6FD09B0001998F /* Debug */,
				4D35929B2A6FD09B0001998F /* Release */,
			);
			defaultConfigurationIsVisible = 0;
			defaultConfigurationName = Release;
		};
		4D35929C2A6FD09B0001998F /* Build configuration list for PBXNativeTarget "ShieldFraud-Demo" */ = {
			isa = XCConfigurationList;
			buildConfigurations = (
				4D35929D2A6FD09B0001998F /* Debug */,
				4D35929E2A6FD09B0001998F /* Release */,
			);
			defaultConfigurationIsVisible = 0;
			defaultConfigurationName = Release;
		};
		4D35929F2A6FD09B0001998F /* Build configuration list for PBXNativeTarget "ShieldFraud-DemoTests" */ = {
			isa = XCConfigurationList;
			buildConfigurations = (
				4D3592A02A6FD09B0001998F /* Debug */,
				4D3592A12A6FD09B0001998F /* Release */,
			);
			defaultConfigurationIsVisible = 0;
			defaultConfigurationName = Release;
		};
		4D3592A22A6FD09B0001998F /* Build configuration list for PBXNativeTarget "ShieldFraud-DemoUITests" */ = {
			isa = XCConfigurationList;
			buildConfigurations = (
				4D3592A32A6FD09B0001998F /* Debug */,
				4D3592A42A6FD09B0001998F /* Release */,
			);
			defaultConfigurationIsVisible = 0;
			defaultConfigurationName = Release;
		};
/* End XCConfigurationList section */

/* Begin XCRemoteSwiftPackageReference section */
		4D690A6A2A70009C005E8D57 /* XCRemoteSwiftPackageReference "shield-ios-swift-package-manager" */ = {
			isa = XCRemoteSwiftPackageReference;
			repositoryURL = "https://github.com/shield-ai-technology/shield-ios-swift-package-manager";
			requirement = {
				kind = upToNextMajorVersion;
				minimumVersion = 1.0.0;
			};
		};
/* End XCRemoteSwiftPackageReference section */

/* Begin XCSwiftPackageProductDependency section */
		4D690A6B2A70009C005E8D57 /* ShieldFraud */ = {
			isa = XCSwiftPackageProductDependency;
			package = 4D690A6A2A70009C005E8D57 /* XCRemoteSwiftPackageReference "shield-ios-swift-package-manager" */;
			productName = ShieldFraud;
		};
/* End XCSwiftPackageProductDependency section */
	};
	rootObject = 4D35926A2A6FD0990001998F /* Project object */;
}
