{
  "pins" : [
    {
      "identity" : "shield-ios-swift-package-manager",
      "kind" : "remoteSourceControl",
      "location" : "https://github.com/shield-ai-technology/shield-ios-swift-package-manager",
      "state" : {
        "revision" : "3a5087ce9b9d96d1c9d6c6408b78b9638118d302",
        "version" : "1.5.27"
      }
    }
  ],
  "version" : 2
}
