// !$*UTF8*$!
{
	archiveVersion = 1;
	classes = {
	};
	objectVersion = 56;
	objects = {

/* Begin PBXBuildFile section */
		4D3592B22A6FD0AF0001998F /* AppDelegate.swift in Sources */ = {isa = PBXBuildFile; fileRef = 4D3592B12A6FD0AF0001998F /* AppDelegate.swift */; };
		4D3592B42A6FD0AF0001998F /* SceneDelegate.swift in Sources */ = {isa = PBXBuildFile; fileRef = 4D3592B32A6FD0AF0001998F /* SceneDelegate.swift */; };
		4D3592B62A6FD0AF0001998F /* ViewController.swift in Sources */ = {isa = PBXBuildFile; fileRef = 4D3592B52A6FD0AF0001998F /* ViewController.swift */; };
		4D3592B92A6FD0AF0001998F /* Main.storyboard in Resources */ = {isa = PBXBuildFile; fileRef = 4D3592B72A6FD0AF0001998F /* Main.storyboard */; };
		4D3592BB2A6FD0B00001998F /* Assets.xcassets in Resources */ = {isa = PBXBuildFile; fileRef = 4D3592BA2A6FD0B00001998F /* Assets.xcassets */; };
		4D3592BE2A6FD0B00001998F /* LaunchScreen.storyboard in Resources */ = {isa = PBXBuildFile; fileRef = 4D3592BC2A6FD0B00001998F /* LaunchScreen.storyboard */; };
		4D3592C92A6FD0B10001998F /* ShieldCredit_DemoTests.swift in Sources */ = {isa = PBXBuildFile; fileRef = 4D3592C82A6FD0B10001998F /* ShieldCredit_DemoTests.swift */; };
		4D3592D32A6FD0B10001998F /* ShieldCredit_DemoUITests.swift in Sources */ = {isa = PBXBuildFile; fileRef = 4D3592D22A6FD0B10001998F /* ShieldCredit_DemoUITests.swift */; };
		4D3592D52A6FD0B10001998F /* ShieldCredit_DemoUITestsLaunchTests.swift in Sources */ = {isa = PBXBuildFile; fileRef = 4D3592D42A6FD0B10001998F /* ShieldCredit_DemoUITestsLaunchTests.swift */; };
		4D690A6F2A700110005E8D57 /* ShieldCredit in Frameworks */ = {isa = PBXBuildFile; productRef = 4D690A6E2A700110005E8D57 /* ShieldCredit */; };
/* End PBXBuildFile section */

/* Begin PBXContainerItemProxy section */
		4D3592C52A6FD0B10001998F /* PBXContainerItemProxy */ = {
			isa = PBXContainerItemProxy;
			containerPortal = 4D3592A62A6FD0AF0001998F /* Project object */;
			proxyType = 1;
			remoteGlobalIDString = 4D3592AD2A6FD0AF0001998F;
			remoteInfo = "ShieldCredit-Demo";
		};
		4D3592CF2A6FD0B10001998F /* PBXContainerItemProxy */ = {
			isa = PBXContainerItemProxy;
			containerPortal = 4D3592A62A6FD0AF0001998F /* Project object */;
			proxyType = 1;
			remoteGlobalIDString = 4D3592AD2A6FD0AF0001998F;
			remoteInfo = "ShieldCredit-Demo";
		};
/* End PBXContainerItemProxy section */

/* Begin PBXFileReference section */
		4D3592AE2A6FD0AF0001998F /* ShieldCredit-Demo.app */ = {isa = PBXFileReference; explicitFileType = wrapper.application; includeInIndex = 0; path = "ShieldCredit-Demo.app"; sourceTree = BUILT_PRODUCTS_DIR; };
		4D3592B12A6FD0AF0001998F /* AppDelegate.swift */ = {isa = PBXFileReference; lastKnownFileType = sourcecode.swift; path = AppDelegate.swift; sourceTree = "<group>"; };
		4D3592B32A6FD0AF0001998F /* SceneDelegate.swift */ = {isa = PBXFileReference; lastKnownFileType = sourcecode.swift; path = SceneDelegate.swift; sourceTree = "<group>"; };
		4D3592B52A6FD0AF0001998F /* ViewController.swift */ = {isa = PBXFileReference; lastKnownFileType = sourcecode.swift; path = ViewController.swift; sourceTree = "<group>"; };
		4D3592B82A6FD0AF0001998F /* Base */ = {isa = PBXFileReference; lastKnownFileType = file.storyboard; name = Base; path = Base.lproj/Main.storyboard; sourceTree = "<group>"; };
		4D3592BA2A6FD0B00001998F /* Assets.xcassets */ = {isa = PBXFileReference; lastKnownFileType = folder.assetcatalog; path = Assets.xcassets; sourceTree = "<group>"; };
		4D3592BD2A6FD0B00001998F /* Base */ = {isa = PBXFileReference; lastKnownFileType = file.storyboard; name = Base; path = Base.lproj/LaunchScreen.storyboard; sourceTree = "<group>"; };
		4D3592BF2A6FD0B00001998F /* Info.plist */ = {isa = PBXFileReference; lastKnownFileType = text.plist.xml; path = Info.plist; sourceTree = "<group>"; };
		4D3592C42A6FD0B10001998F /* ShieldCredit-DemoTests.xctest */ = {isa = PBXFileReference; explicitFileType = wrapper.cfbundle; includeInIndex = 0; path = "ShieldCredit-DemoTests.xctest"; sourceTree = BUILT_PRODUCTS_DIR; };
		4D3592C82A6FD0B10001998F /* ShieldCredit_DemoTests.swift */ = {isa = PBXFileReference; lastKnownFileType = sourcecode.swift; path = ShieldCredit_DemoTests.swift; sourceTree = "<group>"; };
		4D3592CE2A6FD0B10001998F /* ShieldCredit-DemoUITests.xctest */ = {isa = PBXFileReference; explicitFileType = wrapper.cfbundle; includeInIndex = 0; path = "ShieldCredit-DemoUITests.xctest"; sourceTree = BUILT_PRODUCTS_DIR; };
		4D3592D22A6FD0B10001998F /* ShieldCredit_DemoUITests.swift */ = {isa = PBXFileReference; lastKnownFileType = sourcecode.swift; path = ShieldCredit_DemoUITests.swift; sourceTree = "<group>"; };
		4D3592D42A6FD0B10001998F /* ShieldCredit_DemoUITestsLaunchTests.swift */ = {isa = PBXFileReference; lastKnownFileType = sourcecode.swift; path = ShieldCredit_DemoUITestsLaunchTests.swift; sourceTree = "<group>"; };
/* End PBXFileReference section */

/* Begin PBXFrameworksBuildPhase section */
		4D3592AB2A6FD0AF0001998F /* Frameworks */ = {
			isa = PBXFrameworksBuildPhase;
			buildActionMask = 2147483647;
			files = (
				4D690A6F2A700110005E8D57 /* ShieldCredit in Frameworks */,
			);
			runOnlyForDeploymentPostprocessing = 0;
		};
		4D3592C12A6FD0B10001998F /* Frameworks */ = {
			isa = PBXFrameworksBuildPhase;
			buildActionMask = 2147483647;
			files = (
			);
			runOnlyForDeploymentPostprocessing = 0;
		};
		4D3592CB2A6FD0B10001998F /* Frameworks */ = {
			isa = PBXFrameworksBuildPhase;
			buildActionMask = 2147483647;
			files = (
			);
			runOnlyForDeploymentPostprocessing = 0;
		};
/* End PBXFrameworksBuildPhase section */

/* Begin PBXGroup section */
		4D3592A52A6FD0AF0001998F = {
			isa = PBXGroup;
			children = (
				4D3592B02A6FD0AF0001998F /* ShieldCredit-Demo */,
				4D3592C72A6FD0B10001998F /* ShieldCredit-DemoTests */,
				4D3592D12A6FD0B10001998F /* ShieldCredit-DemoUITests */,
				4D3592AF2A6FD0AF0001998F /* Products */,
			);
			sourceTree = "<group>";
		};
		4D3592AF2A6FD0AF0001998F /* Products */ = {
			isa = PBXGroup;
			children = (
				4D3592AE2A6FD0AF0001998F /* ShieldCredit-Demo.app */,
				4D3592C42A6FD0B10001998F /* ShieldCredit-DemoTests.xctest */,
				4D3592CE2A6FD0B10001998F /* ShieldCredit-DemoUITests.xctest */,
			);
			name = Products;
			sourceTree = "<group>";
		};
		4D3592B02A6FD0AF0001998F /* ShieldCredit-Demo */ = {
			isa = PBXGroup;
			children = (
				4D3592B12A6FD0AF0001998F /* AppDelegate.swift */,
				4D3592B32A6FD0AF0001998F /* SceneDelegate.swift */,
				4D3592B52A6FD0AF0001998F /* ViewController.swift */,
				4D3592B72A6FD0AF0001998F /* Main.storyboard */,
				4D3592BA2A6FD0B00001998F /* Assets.xcassets */,
				4D3592BC2A6FD0B00001998F /* LaunchScreen.storyboard */,
				4D3592BF2A6FD0B00001998F /* Info.plist */,
			);
			path = "ShieldCredit-Demo";
			sourceTree = "<group>";
		};
		4D3592C72A6FD0B10001998F /* ShieldCredit-DemoTests */ = {
			isa = PBXGroup;
			children = (
				4D3592C82A6FD0B10001998F /* ShieldCredit_DemoTests.swift */,
			);
			path = "ShieldCredit-DemoTests";
			sourceTree = "<group>";
		};
		4D3592D12A6FD0B10001998F /* ShieldCredit-DemoUITests */ = {
			isa = PBXGroup;
			children = (
				4D3592D22A6FD0B10001998F /* ShieldCredit_DemoUITests.swift */,
				4D3592D42A6FD0B10001998F /* ShieldCredit_DemoUITestsLaunchTests.swift */,
			);
			path = "ShieldCredit-DemoUITests";
			sourceTree = "<group>";
		};
/* End PBXGroup section */

/* Begin PBXNativeTarget section */
		4D3592AD2A6FD0AF0001998F /* ShieldCredit-Demo */ = {
			isa = PBXNativeTarget;
			buildConfigurationList = 4D3592D82A6FD0B10001998F /* Build configuration list for PBXNativeTarget "ShieldCredit-Demo" */;
			buildPhases = (
				4D3592AA2A6FD0AF0001998F /* Sources */,
				4D3592AB2A6FD0AF0001998F /* Frameworks */,
				4D3592AC2A6FD0AF0001998F /* Resources */,
			);
			buildRules = (
			);
			dependencies = (
			);
			name = "ShieldCredit-Demo";
			packageProductDependencies = (
				4D690A6E2A700110005E8D57 /* ShieldCredit */,
			);
			productName = "ShieldCredit-Demo";
			productReference = 4D3592AE2A6FD0AF0001998F /* ShieldCredit-Demo.app */;
			productType = "com.apple.product-type.application";
		};
		4D3592C32A6FD0B10001998F /* ShieldCredit-DemoTests */ = {
			isa = PBXNativeTarget;
			buildConfigurationList = 4D3592DB2A6FD0B10001998F /* Build configuration list for PBXNativeTarget "ShieldCredit-DemoTests" */;
			buildPhases = (
				4D3592C02A6FD0B10001998F /* Sources */,
				4D3592C12A6FD0B10001998F /* Frameworks */,
				4D3592C22A6FD0B10001998F /* Resources */,
			);
			buildRules = (
			);
			dependencies = (
				4D3592C62A6FD0B10001998F /* PBXTargetDependency */,
			);
			name = "ShieldCredit-DemoTests";
			productName = "ShieldCredit-DemoTests";
			productReference = 4D3592C42A6FD0B10001998F /* ShieldCredit-DemoTests.xctest */;
			productType = "com.apple.product-type.bundle.unit-test";
		};
		4D3592CD2A6FD0B10001998F /* ShieldCredit-DemoUITests */ = {
			isa = PBXNativeTarget;
			buildConfigurationList = 4D3592DE2A6FD0B10001998F /* Build configuration list for PBXNativeTarget "ShieldCredit-DemoUITests" */;
			buildPhases = (
				4D3592CA2A6FD0B10001998F /* Sources */,
				4D3592CB2A6FD0B10001998F /* Frameworks */,
				4D3592CC2A6FD0B10001998F /* Resources */,
			);
			buildRules = (
			);
			dependencies = (
				4D3592D02A6FD0B10001998F /* PBXTargetDependency */,
			);
			name = "ShieldCredit-DemoUITests";
			productName = "ShieldCredit-DemoUITests";
			productReference = 4D3592CE2A6FD0B10001998F /* ShieldCredit-DemoUITests.xctest */;
			productType = "com.apple.product-type.bundle.ui-testing";
		};
/* End PBXNativeTarget section */

/* Begin PBXProject section */
		4D3592A62A6FD0AF0001998F /* Project object */ = {
			isa = PBXProject;
			attributes = {
				BuildIndependentTargetsInParallel = 1;
				LastSwiftUpdateCheck = 1430;
				LastUpgradeCheck = 1430;
				TargetAttributes = {
					4D3592AD2A6FD0AF0001998F = {
						CreatedOnToolsVersion = 14.3.1;
					};
					4D3592C32A6FD0B10001998F = {
						CreatedOnToolsVersion = 14.3.1;
						TestTargetID = 4D3592AD2A6FD0AF0001998F;
					};
					4D3592CD2A6FD0B10001998F = {
						CreatedOnToolsVersion = 14.3.1;
						TestTargetID = 4D3592AD2A6FD0AF0001998F;
					};
				};
			};
			buildConfigurationList = 4D3592A92A6FD0AF0001998F /* Build configuration list for PBXProject "ShieldCredit-Demo" */;
			compatibilityVersion = "Xcode 14.0";
			developmentRegion = en;
			hasScannedForEncodings = 0;
			knownRegions = (
				en,
				Base,
			);
			mainGroup = 4D3592A52A6FD0AF0001998F;
			packageReferences = (
				4D690A6D2A700110005E8D57 /* XCRemoteSwiftPackageReference "shield-ios-swift-package-manager" */,
			);
			productRefGroup = 4D3592AF2A6FD0AF0001998F /* Products */;
			projectDirPath = "";
			projectRoot = "";
			targets = (
				4D3592AD2A6FD0AF0001998F /* ShieldCredit-Demo */,
				4D3592C32A6FD0B10001998F /* ShieldCredit-DemoTests */,
				4D3592CD2A6FD0B10001998F /* ShieldCredit-DemoUITests */,
			);
		};
/* End PBXProject section */

/* Begin PBXResourcesBuildPhase section */
		4D3592AC2A6FD0AF0001998F /* Resources */ = {
			isa = PBXResourcesBuildPhase;
			buildActionMask = 2147483647;
			files = (
				4D3592BE2A6FD0B00001998F /* LaunchScreen.storyboard in Resources */,
				4D3592BB2A6FD0B00001998F /* Assets.xcassets in Resources */,
				4D3592B92A6FD0AF0001998F /* Main.storyboard in Resources */,
			);
			runOnlyForDeploymentPostprocessing = 0;
		};
		4D3592C22A6FD0B10001998F /* Resources */ = {
			isa = PBXResourcesBuildPhase;
			buildActionMask = 2147483647;
			files = (
			);
			runOnlyForDeploymentPostprocessing = 0;
		};
		4D3592CC2A6FD0B10001998F /* Resources */ = {
			isa = PBXResourcesBuildPhase;
			buildActionMask = 2147483647;
			files = (
			);
			runOnlyForDeploymentPostprocessing = 0;
		};
/* End PBXResourcesBuildPhase section */

/* Begin PBXSourcesBuildPhase section */
		4D3592AA2A6FD0AF0001998F /* Sources */ = {
			isa = PBXSourcesBuildPhase;
			buildActionMask = 2147483647;
			files = (
				4D3592B62A6FD0AF0001998F /* ViewController.swift in Sources */,
				4D3592B22A6FD0AF0001998F /* AppDelegate.swift in Sources */,
				4D3592B42A6FD0AF0001998F /* SceneDelegate.swift in Sources */,
			);
			runOnlyForDeploymentPostprocessing = 0;
		};
		4D3592C02A6FD0B10001998F /* Sources */ = {
			isa = PBXSourcesBuildPhase;
			buildActionMask = 2147483647;
			files = (
				4D3592C92A6FD0B10001998F /* ShieldCredit_DemoTests.swift in Sources */,
			);
			runOnlyForDeploymentPostprocessing = 0;
		};
		4D3592CA2A6FD0B10001998F /* Sources */ = {
			isa = PBXSourcesBuildPhase;
			buildActionMask = 2147483647;
			files = (
				4D3592D32A6FD0B10001998F /* ShieldCredit_DemoUITests.swift in Sources */,
				4D3592D52A6FD0B10001998F /* ShieldCredit_DemoUITestsLaunchTests.swift in Sources */,
			);
			runOnlyForDeploymentPostprocessing = 0;
		};
/* End PBXSourcesBuildPhase section */

/* Begin PBXTargetDependency section */
		4D3592C62A6FD0B10001998F /* PBXTargetDependency */ = {
			isa = PBXTargetDependency;
			target = 4D3592AD2A6FD0AF0001998F /* ShieldCredit-Demo */;
			targetProxy = 4D3592C52A6FD0B10001998F /* PBXContainerItemProxy */;
		};
		4D3592D02A6FD0B10001998F /* PBXTargetDependency */ = {
			isa = PBXTargetDependency;
			target = 4D3592AD2A6FD0AF0001998F /* ShieldCredit-Demo */;
			targetProxy = 4D3592CF2A6FD0B10001998F /* PBXContainerItemProxy */;
		};
/* End PBXTargetDependency section */

/* Begin PBXVariantGroup section */
		4D3592B72A6FD0AF0001998F /* Main.storyboard */ = {
			isa = PBXVariantGroup;
			children = (
				4D3592B82A6FD0AF0001998F /* Base */,
			);
			name = Main.storyboard;
			sourceTree = "<group>";
		};
		4D3592BC2A6FD0B00001998F /* LaunchScreen.storyboard */ = {
			isa = PBXVariantGroup;
			children = (
				4D3592BD2A6FD0B00001998F /* Base */,
			);
			name = LaunchScreen.storyboard;
			sourceTree = "<group>";
		};
/* End PBXVariantGroup section */

/* Begin XCBuildConfiguration section */
		4D3592D62A6FD0B10001998F /* Debug */ = {
			isa = XCBuildConfiguration;
			buildSettings = {
				ALWAYS_SEARCH_USER_PATHS = NO;
				CLANG_ANALYZER_NONNULL = YES;
				CLANG_ANALYZER_NUMBER_OBJECT_CONVERSION = YES_AGGRESSIVE;
				CLANG_CXX_LANGUAGE_STANDARD = "gnu++20";
				CLANG_ENABLE_MODULES = YES;
				CLANG_ENABLE_OBJC_ARC = YES;
				CLANG_ENABLE_OBJC_WEAK = YES;
				CLANG_WARN_BLOCK_CAPTURE_AUTORELEASING = YES;
				CLANG_WARN_BOOL_CONVERSION = YES;
				CLANG_WARN_COMMA = YES;
				CLANG_WARN_CONSTANT_CONVERSION = YES;
				CLANG_WARN_DEPRECATED_OBJC_IMPLEMENTATIONS = YES;
				CLANG_WARN_DIRECT_OBJC_ISA_USAGE = YES_ERROR;
				CLANG_WARN_DOCUMENTATION_COMMENTS = YES;
				CLANG_WARN_EMPTY_BODY = YES;
				CLANG_WARN_ENUM_CONVERSION = YES;
				CLANG_WARN_INFINITE_RECURSION = YES;
				CLANG_WARN_INT_CONVERSION = YES;
				CLANG_WARN_NON_LITERAL_NULL_CONVERSION = YES;
				CLANG_WARN_OBJC_IMPLICIT_RETAIN_SELF = YES;
				CLANG_WARN_OBJC_LITERAL_CONVERSION = YES;
				CLANG_WARN_OBJC_ROOT_CLASS = YES_ERROR;
				CLANG_WARN_QUOTED_INCLUDE_IN_FRAMEWORK_HEADER = YES;
				CLANG_WARN_RANGE_LOOP_ANALYSIS = YES;
				CLANG_WARN_STRICT_PROTOTYPES = YES;
				CLANG_WARN_SUSPICIOUS_MOVE = YES;
				CLANG_WARN_UNGUARDED_AVAILABILITY = YES_AGGRESSIVE;
				CLANG_WARN_UNREACHABLE_CODE = YES;
				CLANG_WARN__DUPLICATE_METHOD_MATCH = YES;
				COPY_PHASE_STRIP = NO;
				DEBUG_INFORMATION_FORMAT = dwarf;
				ENABLE_STRICT_OBJC_MSGSEND = YES;
				ENABLE_TESTABILITY = YES;
				GCC_C_LANGUAGE_STANDARD = gnu11;
				GCC_DYNAMIC_NO_PIC = NO;
				GCC_NO_COMMON_BLOCKS = YES;
				GCC_OPTIMIZATION_LEVEL = 0;
				GCC_PREPROCESSOR_DEFINITIONS = (
					"DEBUG=1",
					"$(inherited)",
				);
				GCC_WARN_64_TO_32_BIT_CONVERSION = YES;
				GCC_WARN_ABOUT_RETURN_TYPE = YES_ERROR;
				GCC_WARN_UNDECLARED_SELECTOR = YES;
				GCC_WARN_UNINITIALIZED_AUTOS = YES_AGGRESSIVE;
				GCC_WARN_UNUSED_FUNCTION = YES;
				GCC_WARN_UNUSED_VARIABLE = YES;
				IPHONEOS_DEPLOYMENT_TARGET = 16.4;
				MTL_ENABLE_DEBUG_INFO = INCLUDE_SOURCE;
				MTL_FAST_MATH = YES;
				ONLY_ACTIVE_ARCH = YES;
				SDKROOT = iphoneos;
				SWIFT_ACTIVE_COMPILATION_CONDITIONS = DEBUG;
				SWIFT_OPTIMIZATION_LEVEL = "-Onone";
			};
			name = Debug;
		};
		4D3592D72A6FD0B10001998F /* Release */ = {
			isa = XCBuildConfiguration;
			buildSettings = {
				ALWAYS_SEARCH_USER_PATHS = NO;
				CLANG_ANALYZER_NONNULL = YES;
				CLANG_ANALYZER_NUMBER_OBJECT_CONVERSION = YES_AGGRESSIVE;
				CLANG_CXX_LANGUAGE_STANDARD = "gnu++20";
				CLANG_ENABLE_MODULES = YES;
				CLANG_ENABLE_OBJC_ARC = YES;
				CLANG_ENABLE_OBJC_WEAK = YES;
				CLANG_WARN_BLOCK_CAPTURE_AUTORELEASING = YES;
				CLANG_WARN_BOOL_CONVERSION = YES;
				CLANG_WARN_COMMA = YES;
				CLANG_WARN_CONSTANT_CONVERSION = YES;
				CLANG_WARN_DEPRECATED_OBJC_IMPLEMENTATIONS = YES;
				CLANG_WARN_DIRECT_OBJC_ISA_USAGE = YES_ERROR;
				CLANG_WARN_DOCUMENTATION_COMMENTS = YES;
				CLANG_WARN_EMPTY_BODY = YES;
				CLANG_WARN_ENUM_CONVERSION = YES;
				CLANG_WARN_INFINITE_RECURSION = YES;
				CLANG_WARN_INT_CONVERSION = YES;
				CLANG_WARN_NON_LITERAL_NULL_CONVERSION = YES;
				CLANG_WARN_OBJC_IMPLICIT_RETAIN_SELF = YES;
				CLANG_WARN_OBJC_LITERAL_CONVERSION = YES;
				CLANG_WARN_OBJC_ROOT_CLASS = YES_ERROR;
				CLANG_WARN_QUOTED_INCLUDE_IN_FRAMEWORK_HEADER = YES;
				CLANG_WARN_RANGE_LOOP_ANALYSIS = YES;
				CLANG_WARN_STRICT_PROTOTYPES = YES;
				CLANG_WARN_SUSPICIOUS_MOVE = YES;
				CLANG_WARN_UNGUARDED_AVAILABILITY = YES_AGGRESSIVE;
				CLANG_WARN_UNREACHABLE_CODE = YES;
				CLANG_WARN__DUPLICATE_METHOD_MATCH = YES;
				COPY_PHASE_STRIP = NO;
				DEBUG_INFORMATION_FORMAT = "dwarf-with-dsym";
				ENABLE_NS_ASSERTIONS = NO;
				ENABLE_STRICT_OBJC_MSGSEND = YES;
				GCC_C_LANGUAGE_STANDARD = gnu11;
				GCC_NO_COMMON_BLOCKS = YES;
				GCC_WARN_64_TO_32_BIT_CONVERSION = YES;
				GCC_WARN_ABOUT_RETURN_TYPE = YES_ERROR;
				GCC_WARN_UNDECLARED_SELECTOR = YES;
				GCC_WARN_UNINITIALIZED_AUTOS = YES_AGGRESSIVE;
				GCC_WARN_UNUSED_FUNCTION = YES;
				GCC_WARN_UNUSED_VARIABLE = YES;
				IPHONEOS_DEPLOYMENT_TARGET = 16.4;
				MTL_ENABLE_DEBUG_INFO = NO;
				MTL_FAST_MATH = YES;
				SDKROOT = iphoneos;
				SWIFT_COMPILATION_MODE = wholemodule;
				SWIFT_OPTIMIZATION_LEVEL = "-O";
				VALIDATE_PRODUCT = YES;
			};
			name = Release;
		};
		4D3592D92A6FD0B10001998F /* Debug */ = {
			isa = XCBuildConfiguration;
			buildSettings = {
				ASSETCATALOG_COMPILER_APPICON_NAME = AppIcon;
				ASSETCATALOG_COMPILER_GLOBAL_ACCENT_COLOR_NAME = AccentColor;
				CODE_SIGN_STYLE = Automatic;
				CURRENT_PROJECT_VERSION = 1;
				DEVELOPMENT_TEAM = 3T3JWG35T5;
				GENERATE_INFOPLIST_FILE = YES;
				INFOPLIST_FILE = "ShieldCredit-Demo/Info.plist";
				INFOPLIST_KEY_UIApplicationSupportsIndirectInputEvents = YES;
				INFOPLIST_KEY_UILaunchStoryboardName = LaunchScreen;
				INFOPLIST_KEY_UIMainStoryboardFile = Main;
				INFOPLIST_KEY_UISupportedInterfaceOrientations_iPad = "UIInterfaceOrientationPortrait UIInterfaceOrientationPortraitUpsideDown UIInterfaceOrientationLandscapeLeft UIInterfaceOrientationLandscapeRight";
				INFOPLIST_KEY_UISupportedInterfaceOrientations_iPhone = "UIInterfaceOrientationPortrait UIInterfaceOrientationLandscapeLeft UIInterfaceOrientationLandscapeRight";
				IPHONEOS_DEPLOYMENT_TARGET = 12.0;
				LD_RUNPATH_SEARCH_PATHS = (
					"$(inherited)",
					"@executable_path/Frameworks",
				);
				MARKETING_VERSION = 1.0;
				PRODUCT_BUNDLE_IDENTIFIER = "com.deepak.ShieldCredit-Demo";
				PRODUCT_NAME = "$(TARGET_NAME)";
				SWIFT_EMIT_LOC_STRINGS = YES;
				SWIFT_VERSION = 5.0;
				TARGETED_DEVICE_FAMILY = "1,2";
			};
			name = Debug;
		};
		4D3592DA2A6FD0B10001998F /* Release */ = {
			isa = XCBuildConfiguration;
			buildSettings = {
				ASSETCATALOG_COMPILER_APPICON_NAME = AppIcon;
				ASSETCATALOG_COMPILER_GLOBAL_ACCENT_COLOR_NAME = AccentColor;
				CODE_SIGN_STYLE = Automatic;
				CURRENT_PROJECT_VERSION = 1;
				DEVELOPMENT_TEAM = 3T3JWG35T5;
				GENERATE_INFOPLIST_FILE = YES;
				INFOPLIST_FILE = "ShieldCredit-Demo/Info.plist";
				INFOPLIST_KEY_UIApplicationSupportsIndirectInputEvents = YES;
				INFOPLIST_KEY_UILaunchStoryboardName = LaunchScreen;
				INFOPLIST_KEY_UIMainStoryboardFile = Main;
				INFOPLIST_KEY_UISupportedInterfaceOrientations_iPad = "UIInterfaceOrientationPortrait UIInterfaceOrientationPortraitUpsideDown UIInterfaceOrientationLandscapeLeft UIInterfaceOrientationLandscapeRight";
				INFOPLIST_KEY_UISupportedInterfaceOrientations_iPhone = "UIInterfaceOrientationPortrait UIInterfaceOrientationLandscapeLeft UIInterfaceOrientationLandscapeRight";
				IPHONEOS_DEPLOYMENT_TARGET = 12.0;
				LD_RUNPATH_SEARCH_PATHS = (
					"$(inherited)",
					"@executable_path/Frameworks",
				);
				MARKETING_VERSION = 1.0;
				PRODUCT_BUNDLE_IDENTIFIER = "com.deepak.ShieldCredit-Demo";
				PRODUCT_NAME = "$(TARGET_NAME)";
				SWIFT_EMIT_LOC_STRINGS = YES;
				SWIFT_VERSION = 5.0;
				TARGETED_DEVICE_FAMILY = "1,2";
			};
			name = Release;
		};
		4D3592DC2A6FD0B10001998F /* Debug */ = {
			isa = XCBuildConfiguration;
			buildSettings = {
				ALWAYS_EMBED_SWIFT_STANDARD_LIBRARIES = YES;
				BUNDLE_LOADER = "$(TEST_HOST)";
				CODE_SIGN_STYLE = Automatic;
				CURRENT_PROJECT_VERSION = 1;
				DEVELOPMENT_TEAM = 3T3JWG35T5;
				GENERATE_INFOPLIST_FILE = YES;
				IPHONEOS_DEPLOYMENT_TARGET = 16.4;
				MARKETING_VERSION = 1.0;
				PRODUCT_BUNDLE_IDENTIFIER = "com.deepak.ShieldCredit-DemoTests";
				PRODUCT_NAME = "$(TARGET_NAME)";
				SWIFT_EMIT_LOC_STRINGS = NO;
				SWIFT_VERSION = 5.0;
				TARGETED_DEVICE_FAMILY = "1,2";
				TEST_HOST = "$(BUILT_PRODUCTS_DIR)/ShieldCredit-Demo.app/$(BUNDLE_EXECUTABLE_FOLDER_PATH)/ShieldCredit-Demo";
			};
			name = Debug;
		};
		4D3592DD2A6FD0B10001998F /* Release */ = {
			isa = XCBuildConfiguration;
			buildSettings = {
				ALWAYS_EMBED_SWIFT_STANDARD_LIBRARIES = YES;
				BUNDLE_LOADER = "$(TEST_HOST)";
				CODE_SIGN_STYLE = Automatic;
				CURRENT_PROJECT_VERSION = 1;
				DEVELOPMENT_TEAM = 3T3JWG35T5;
				GENERATE_INFOPLIST_FILE = YES;
				IPHONEOS_DEPLOYMENT_TARGET = 16.4;
				MARKETING_VERSION = 1.0;
				PRODUCT_BUNDLE_IDENTIFIER = "com.deepak.ShieldCredit-DemoTests";
				PRODUCT_NAME = "$(TARGET_NAME)";
				SWIFT_EMIT_LOC_STRINGS = NO;
				SWIFT_VERSION = 5.0;
				TARGETED_DEVICE_FAMILY = "1,2";
				TEST_HOST = "$(BUILT_PRODUCTS_DIR)/ShieldCredit-Demo.app/$(BUNDLE_EXECUTABLE_FOLDER_PATH)/ShieldCredit-Demo";
			};
			name = Release;
		};
		4D3592DF2A6FD0B10001998F /* Debug */ = {
			isa = XCBuildConfiguration;
			buildSettings = {
				ALWAYS_EMBED_SWIFT_STANDARD_LIBRARIES = YES;
				CODE_SIGN_STYLE = Automatic;
				CURRENT_PROJECT_VERSION = 1;
				DEVELOPMENT_TEAM = 3T3JWG35T5;
				GENERATE_INFOPLIST_FILE = YES;
				MARKETING_VERSION = 1.0;
				PRODUCT_BUNDLE_IDENTIFIER = "com.deepak.ShieldCredit-DemoUITests";
				PRODUCT_NAME = "$(TARGET_NAME)";
				SWIFT_EMIT_LOC_STRINGS = NO;
				SWIFT_VERSION = 5.0;
				TARGETED_DEVICE_FAMILY = "1,2";
				TEST_TARGET_NAME = "ShieldCredit-Demo";
			};
			name = Debug;
		};
		4D3592E02A6FD0B10001998F /* Release */ = {
			isa = XCBuildConfiguration;
			buildSettings = {
				ALWAYS_EMBED_SWIFT_STANDARD_LIBRARIES = YES;
				CODE_SIGN_STYLE = Automatic;
				CURRENT_PROJECT_VERSION = 1;
				DEVELOPMENT_TEAM = 3T3JWG35T5;
				GENERATE_INFOPLIST_FILE = YES;
				MARKETING_VERSION = 1.0;
				PRODUCT_BUNDLE_IDENTIFIER = "com.deepak.ShieldCredit-DemoUITests";
				PRODUCT_NAME = "$(TARGET_NAME)";
				SWIFT_EMIT_LOC_STRINGS = NO;
				SWIFT_VERSION = 5.0;
				TARGETED_DEVICE_FAMILY = "1,2";
				TEST_TARGET_NAME = "ShieldCredit-Demo";
			};
			name = Release;
		};
/* End XCBuildConfiguration section */

/* Begin XCConfigurationList section */
		4D3592A92A6FD0AF0001998F /* Build configuration list for PBXProject "ShieldCredit-Demo" */ = {
			isa = XCConfigurationList;
			buildConfigurations = (
				4D3592D62A6FD0B10001998F /* Debug */,
				4D3592D72A6FD0B10001998F /* Release */,
			);
			defaultConfigurationIsVisible = 0;
			defaultConfigurationName = Release;
		};
		4D3592D82A6FD0B10001998F /* Build configuration list for PBXNativeTarget "ShieldCredit-Demo" */ = {
			isa = XCConfigurationList;
			buildConfigurations = (
				4D3592D92A6FD0B10001998F /* Debug */,
				4D3592DA2A6FD0B10001998F /* Release */,
			);
			defaultConfigurationIsVisible = 0;
			defaultConfigurationName = Release;
		};
		4D3592DB2A6FD0B10001998F /* Build configuration list for PBXNativeTarget "ShieldCredit-DemoTests" */ = {
			isa = XCConfigurationList;
			buildConfigurations = (
				4D3592DC2A6FD0B10001998F /* Debug */,
				4D3592DD2A6FD0B10001998F /* Release */,
			);
			defaultConfigurationIsVisible = 0;
			defaultConfigurationName = Release;
		};
		4D3592DE2A6FD0B10001998F /* Build configuration list for PBXNativeTarget "ShieldCredit-DemoUITests" */ = {
			isa = XCConfigurationList;
			buildConfigurations = (
				4D3592DF2A6FD0B10001998F /* Debug */,
				4D3592E02A6FD0B10001998F /* Release */,
			);
			defaultConfigurationIsVisible = 0;
			defaultConfigurationName = Release;
		};
/* End XCConfigurationList section */

/* Begin XCRemoteSwiftPackageReference section */
		4D690A6D2A700110005E8D57 /* XCRemoteSwiftPackageReference "shield-ios-swift-package-manager" */ = {
			isa = XCRemoteSwiftPackageReference;
			repositoryURL = "https://github.com/shield-ai-technology/shield-ios-swift-package-manager";
			requirement = {
				kind = upToNextMajorVersion;
				minimumVersion = 1.0.0;
			};
		};
/* End XCRemoteSwiftPackageReference section */

/* Begin XCSwiftPackageProductDependency section */
		4D690A6E2A700110005E8D57 /* ShieldCredit */ = {
			isa = XCSwiftPackageProductDependency;
			package = 4D690A6D2A700110005E8D57 /* XCRemoteSwiftPackageReference "shield-ios-swift-package-manager" */;
			productName = ShieldCredit;
		};
/* End XCSwiftPackageProductDependency section */
	};
	rootObject = 4D3592A62A6FD0AF0001998F /* Project object */;
}
